
Microsoft Visual Studio Solution File, Format Version 12.00
# Visual Studio 15
Project("{FAE04EC0-301F-11D3-BF4B-00C04F79EFBC}") = "Assembly-CSharp", "Assembly-CSharp.csproj", "{86820F09-68D3-FB3F-3406-47D6C079772A}"
EndProject
Global
	GlobalSection(SolutionConfigurationPlatforms) = preSolution
		Debug|Any CPU = Debug|Any CPU
		Release|Any CPU = Release|Any CPU
	EndGlobalSection
	GlobalSection(ProjectConfigurationPlatforms) = postSolution
		{86820F09-68D3-FB3F-3406-47D6C079772A}.Debug|Any CPU.ActiveCfg = Debug|Any CPU
		{86820F09-68D3-FB3F-3406-47D6C079772A}.Debug|Any CPU.Build.0 = Debug|Any CPU
		{86820F09-68D3-FB3F-3406-47D6C079772A}.Release|Any CPU.ActiveCfg = Release|Any CPU
		{86820F09-68D3-FB3F-3406-47D6C079772A}.Release|Any CPU.Build.0 = Release|Any CPU
	EndGlobalSection
	GlobalSection(SolutionProperties) = preSolution
		HideSolutionNode = FALSE
	EndGlobalSection
EndGlobal
